
Microsoft Visual Studio Solution File, Format Version 12.00
# Visual Studio Version 17
VisualStudioVersion = 17.1.32407.343
MinimumVisualStudioVersion = 10.0.40219.1
Project("{FAE04EC0-301F-11D3-BF4B-00C04F79EFBC}") = "HockeyPlayerInterface", "HockeyPlayerInterface\HockeyPlayerInterface.csproj", "{C1DA8CA9-528B-4F5B-9AD5-511607E1216D}"
EndProject
Global
	GlobalSection(SolutionConfigurationPlatforms) = preSolution
		Debug|Any CPU = Debug|Any CPU
		Release|Any CPU = Release|Any CPU
	EndGlobalSection
	GlobalSection(ProjectConfigurationPlatforms) = postSolution
		{C1DA8CA9-528B-4F5B-9AD5-511607E1216D}.Debug|Any CPU.ActiveCfg = Debug|Any CPU
		{C1DA8CA9-528B-4F5B-9AD5-511607E1216D}.Debug|Any CPU.Build.0 = Debug|Any CPU
		{C1DA8CA9-528B-4F5B-9AD5-511607E1216D}.Release|Any CPU.ActiveCfg = Release|Any CPU
		{C1DA8CA9-528B-4F5B-9AD5-511607E1216D}.Release|Any CPU.Build.0 = Release|Any CPU
	EndGlobalSection
	GlobalSection(SolutionProperties) = preSolution
		HideSolutionNode = FALSE
	EndGlobalSection
	GlobalSection(ExtensibilityGlobals) = postSolution
		SolutionGuid = {40F9A859-6E43-4FFF-B8E6-09C693B531C1}
	EndGlobalSection
EndGlobal
